
Microsoft Visual Studio Solution File, Format Version 12.00
# Visual Studio Version 17
VisualStudioVersion = 17.0.32112.339
MinimumVisualStudioVersion = 10.0.40219.1
Project("{F184B08F-C81C-45F6-A57F-5ABD9991F28F}") = "TAREA2", "TAREA2.vbproj", "{5240A3C1-0735-452B-B33D-9E748380B1BC}"
EndProject
Global
	GlobalSection(SolutionConfigurationPlatforms) = preSolution
		Debug|Any CPU = Debug|Any CPU
		Release|Any CPU = Release|Any CPU
	EndGlobalSection
	GlobalSection(ProjectConfigurationPlatforms) = postSolution
		{5240A3C1-0735-452B-B33D-9E748380B1BC}.Debug|Any CPU.ActiveCfg = Debug|Any CPU
		{5240A3C1-0735-452B-B33D-9E748380B1BC}.Debug|Any CPU.Build.0 = Debug|Any CPU
		{5240A3C1-0735-452B-B33D-9E748380B1BC}.Release|Any CPU.ActiveCfg = Release|Any CPU
		{5240A3C1-0735-452B-B33D-9E748380B1BC}.Release|Any CPU.Build.0 = Release|Any CPU
	EndGlobalSection
	GlobalSection(SolutionProperties) = preSolution
		HideSolutionNode = FALSE
	EndGlobalSection
	GlobalSection(ExtensibilityGlobals) = postSolution
		SolutionGuid = {0B288801-78E0-48B8-B323-D3A41654AC0B}
	EndGlobalSection
EndGlobal
